
Microsoft Visual Studio Solution File, Format Version 12.00
# Visual Studio 14
VisualStudioVersion = 14.0.25420.1
MinimumVisualStudioVersion = 10.0.40219.1
Project("{FAE04EC0-301F-11D3-BF4B-00C04F79EFBC}") = "Lesson6", "Lesson6\Lesson6.csproj", "{0F7FBEDA-90AC-4D66-B0DA-25F047F01216}"
EndProject
Project("{FAE04EC0-301F-11D3-BF4B-00C04F79EFBC}") = "Lesson6_forms", "Lesson6_forms\Lesson6_forms.csproj", "{8FC8FBBE-573C-45E3-9B7C-C14DA1BA632F}"
EndProject
Global
	GlobalSection(SolutionConfigurationPlatforms) = preSolution
		Debug|Any CPU = Debug|Any CPU
		Release|Any CPU = Release|Any CPU
	EndGlobalSection
	GlobalSection(ProjectConfigurationPlatforms) = postSolution
		{0F7FBEDA-90AC-4D66-B0DA-25F047F01216}.Debug|Any CPU.ActiveCfg = Debug|Any CPU
		{0F7FBEDA-90AC-4D66-B0DA-25F047F01216}.Debug|Any CPU.Build.0 = Debug|Any CPU
		{0F7FBEDA-90AC-4D66-B0DA-25F047F01216}.Release|Any CPU.ActiveCfg = Release|Any CPU
		{0F7FBEDA-90AC-4D66-B0DA-25F047F01216}.Release|Any CPU.Build.0 = Release|Any CPU
		{8FC8FBBE-573C-45E3-9B7C-C14DA1BA632F}.Debug|Any CPU.ActiveCfg = Debug|Any CPU
		{8FC8FBBE-573C-45E3-9B7C-C14DA1BA632F}.Debug|Any CPU.Build.0 = Debug|Any CPU
		{8FC8FBBE-573C-45E3-9B7C-C14DA1BA632F}.Release|Any CPU.ActiveCfg = Release|Any CPU
		{8FC8FBBE-573C-45E3-9B7C-C14DA1BA632F}.Release|Any CPU.Build.0 = Release|Any CPU
	EndGlobalSection
	GlobalSection(SolutionProperties) = preSolution
		HideSolutionNode = FALSE
	EndGlobalSection
EndGlobal
